
Microsoft Visual Studio Solution File, Format Version 12.00
# Visual Studio 14
VisualStudioVersion = 14.0.24720.0
MinimumVisualStudioVersion = 10.0.40219.1
Project("{FAE04EC0-301F-11D3-BF4B-00C04F79EFBC}") = "SSWB_SyntheticWebsite", "SSWB_SyntheticWebsite\SSWB_SyntheticWebsite.csproj", "{B6C56580-D747-4BB8-9FE6-F2A47E2FFEA0}"
EndProject
Project("{FAE04EC0-301F-11D3-BF4B-00C04F79EFBC}") = "SSWB_SyntheticWebsite.Tests", "SSWB_SyntheticWebsite.Tests\SSWB_SyntheticWebsite.Tests.csproj", "{DF6ECB65-9E52-4598-9EBC-06DE219D05C8}"
EndProject
Global
	GlobalSection(SolutionConfigurationPlatforms) = preSolution
		Debug|Any CPU = Debug|Any CPU
		Release|Any CPU = Release|Any CPU
	EndGlobalSection
	GlobalSection(ProjectConfigurationPlatforms) = postSolution
		{B6C56580-D747-4BB8-9FE6-F2A47E2FFEA0}.Debug|Any CPU.ActiveCfg = Debug|Any CPU
		{B6C56580-D747-4BB8-9FE6-F2A47E2FFEA0}.Debug|Any CPU.Build.0 = Debug|Any CPU
		{B6C56580-D747-4BB8-9FE6-F2A47E2FFEA0}.Release|Any CPU.ActiveCfg = Release|Any CPU
		{B6C56580-D747-4BB8-9FE6-F2A47E2FFEA0}.Release|Any CPU.Build.0 = Release|Any CPU
		{DF6ECB65-9E52-4598-9EBC-06DE219D05C8}.Debug|Any CPU.ActiveCfg = Debug|Any CPU
		{DF6ECB65-9E52-4598-9EBC-06DE219D05C8}.Debug|Any CPU.Build.0 = Debug|Any CPU
		{DF6ECB65-9E52-4598-9EBC-06DE219D05C8}.Release|Any CPU.ActiveCfg = Release|Any CPU
		{DF6ECB65-9E52-4598-9EBC-06DE219D05C8}.Release|Any CPU.Build.0 = Release|Any CPU
	EndGlobalSection
	GlobalSection(SolutionProperties) = preSolution
		HideSolutionNode = FALSE
	EndGlobalSection
EndGlobal
