
Microsoft Visual Studio Solution File, Format Version 12.00
# Visual Studio 2013
VisualStudioVersion = 12.0.40629.0
MinimumVisualStudioVersion = 10.0.40219.1
Project("{FAE04EC0-301F-11D3-BF4B-00C04F79EFBC}") = "SyntheticWebsite", "IMagazineProgramming\SyntheticWebsite.csproj", "{073ABC77-6BAA-40A6-89A5-2CAA2E11D018}"
EndProject
Project("{FAE04EC0-301F-11D3-BF4B-00C04F79EFBC}") = "SyntheticWebsite.Tests", "IMagazineProgramming.Tests\SyntheticWebsite.Tests.csproj", "{C09AAB30-6AB1-4291-993B-4FB6D1BB7A83}"
EndProject
Global
	GlobalSection(SolutionConfigurationPlatforms) = preSolution
		Debug|Any CPU = Debug|Any CPU
		Release|Any CPU = Release|Any CPU
	EndGlobalSection
	GlobalSection(ProjectConfigurationPlatforms) = postSolution
		{073ABC77-6BAA-40A6-89A5-2CAA2E11D018}.Debug|Any CPU.ActiveCfg = Debug|Any CPU
		{073ABC77-6BAA-40A6-89A5-2CAA2E11D018}.Debug|Any CPU.Build.0 = Debug|Any CPU
		{073ABC77-6BAA-40A6-89A5-2CAA2E11D018}.Release|Any CPU.ActiveCfg = Release|Any CPU
		{073ABC77-6BAA-40A6-89A5-2CAA2E11D018}.Release|Any CPU.Build.0 = Release|Any CPU
		{C09AAB30-6AB1-4291-993B-4FB6D1BB7A83}.Debug|Any CPU.ActiveCfg = Debug|Any CPU
		{C09AAB30-6AB1-4291-993B-4FB6D1BB7A83}.Debug|Any CPU.Build.0 = Debug|Any CPU
		{C09AAB30-6AB1-4291-993B-4FB6D1BB7A83}.Release|Any CPU.ActiveCfg = Release|Any CPU
		{C09AAB30-6AB1-4291-993B-4FB6D1BB7A83}.Release|Any CPU.Build.0 = Release|Any CPU
	EndGlobalSection
	GlobalSection(SolutionProperties) = preSolution
		HideSolutionNode = FALSE
	EndGlobalSection
EndGlobal
