
Microsoft Visual Studio Solution File, Format Version 12.00
# Visual Studio 2013
VisualStudioVersion = 12.0.40629.0
MinimumVisualStudioVersion = 10.0.40219.1
Project("{FAE04EC0-301F-11D3-BF4B-00C04F79EFBC}") = "SSWA_ExtractData", "SSWA_ExtractData\SSWA_ExtractData.csproj", "{0261A1AC-04F2-43F8-BD9E-49394811E2A1}"
EndProject
Project("{FAE04EC0-301F-11D3-BF4B-00C04F79EFBC}") = "SSWAWFTestApp", "SSWA_WFTestApp\SSWAWFTestApp.csproj", "{EB7B1940-60EE-4B70-B107-D368C6451D10}"
EndProject
Project("{FAE04EC0-301F-11D3-BF4B-00C04F79EFBC}") = "SSWATestConsole", "SSWA_TestConsole\SSWATestConsole.csproj", "{9C95C9F8-66FE-4827-9008-41EE5FCDF88B}"
EndProject
Project("{FAE04EC0-301F-11D3-BF4B-00C04F79EFBC}") = "NMProcessAdvance", "..\..\..\NMProcessAdvance\NMProcessAdvance\NMProcessAdvance.csproj", "{9174DBF5-E0BD-4FD2-865D-843F599F606C}"
EndProject
Global
	GlobalSection(SolutionConfigurationPlatforms) = preSolution
		Debug|Any CPU = Debug|Any CPU
		Release|Any CPU = Release|Any CPU
	EndGlobalSection
	GlobalSection(ProjectConfigurationPlatforms) = postSolution
		{0261A1AC-04F2-43F8-BD9E-49394811E2A1}.Debug|Any CPU.ActiveCfg = Debug|Any CPU
		{0261A1AC-04F2-43F8-BD9E-49394811E2A1}.Debug|Any CPU.Build.0 = Debug|Any CPU
		{0261A1AC-04F2-43F8-BD9E-49394811E2A1}.Release|Any CPU.ActiveCfg = Release|Any CPU
		{0261A1AC-04F2-43F8-BD9E-49394811E2A1}.Release|Any CPU.Build.0 = Release|Any CPU
		{EB7B1940-60EE-4B70-B107-D368C6451D10}.Debug|Any CPU.ActiveCfg = Debug|Any CPU
		{EB7B1940-60EE-4B70-B107-D368C6451D10}.Debug|Any CPU.Build.0 = Debug|Any CPU
		{EB7B1940-60EE-4B70-B107-D368C6451D10}.Release|Any CPU.ActiveCfg = Release|Any CPU
		{EB7B1940-60EE-4B70-B107-D368C6451D10}.Release|Any CPU.Build.0 = Release|Any CPU
		{9C95C9F8-66FE-4827-9008-41EE5FCDF88B}.Debug|Any CPU.ActiveCfg = Debug|Any CPU
		{9C95C9F8-66FE-4827-9008-41EE5FCDF88B}.Debug|Any CPU.Build.0 = Debug|Any CPU
		{9C95C9F8-66FE-4827-9008-41EE5FCDF88B}.Release|Any CPU.ActiveCfg = Release|Any CPU
		{9C95C9F8-66FE-4827-9008-41EE5FCDF88B}.Release|Any CPU.Build.0 = Release|Any CPU
		{9174DBF5-E0BD-4FD2-865D-843F599F606C}.Debug|Any CPU.ActiveCfg = Debug|Any CPU
		{9174DBF5-E0BD-4FD2-865D-843F599F606C}.Debug|Any CPU.Build.0 = Debug|Any CPU
		{9174DBF5-E0BD-4FD2-865D-843F599F606C}.Release|Any CPU.ActiveCfg = Release|Any CPU
		{9174DBF5-E0BD-4FD2-865D-843F599F606C}.Release|Any CPU.Build.0 = Release|Any CPU
	EndGlobalSection
	GlobalSection(SolutionProperties) = preSolution
		HideSolutionNode = FALSE
	EndGlobalSection
EndGlobal
